<?xml version="1.0" encoding="utf-8"?>
<Project ToolsVersion="4.0" xmlns="http://schemas.microsoft.com/developer/msbuild/2003">
  <ItemGroup>
    <ClCompile Include="ButtonTests.cpp">
      <Filter>Tests</Filter>
    </ClCompile>
    <ClCompile Include="IdTests.cpp">
      <Filter>Tests</Filter>
    </ClCompile>
    <ClCompile Include="pch.cpp">
      <Filter>Sys</Filter>
    </ClCompile>
    <ClCompile Include="test.cpp">
      <Filter>Sys</Filter>
    </ClCompile>
    <ClCompile Include="CoordinateTests.cpp">
      <Filter>Tests</Filter>
    </ClCompile>
  </ItemGroup>
  <ItemGroup>
    <Filter Include="Tests">
      <UniqueIdentifier>{8c0b11f4-5d96-4366-a72e-7ee83d42a66c}</UniqueIdentifier>
    </Filter>
    <Filter Include="Sys">
      <UniqueIdentifier>{f2d279b5-66c8-4c0a-9d8c-45adbbd4e648}</UniqueIdentifier>
    </Filter>
  </ItemGroup>
  <ItemGroup>
    <None Include="packages.config">
      <Filter>Sys</Filter>
    </None>
  </ItemGroup>
  <ItemGroup>
    <ClInclude Include="pch.h">
      <Filter>Sys</Filter>
    </ClInclude>
  </ItemGroup>
</Project>